
Microsoft Visual Studio Solution File, Format Version 11.00
# Visual Studio 2010
Project("{FAE04EC0-301F-11D3-BF4B-00C04F79EFBC}") = "Project 1- Sprite Mover", "Assembly-CSharp.csproj", "{109A219F-C0B7-D23D-5B60-1BB468F8099F}"
EndProject
Global
	GlobalSection(SolutionConfigurationPlatforms) = preSolution
		Debug|Any CPU = Debug|Any CPU
		Release|Any CPU = Release|Any CPU
	EndGlobalSection
	GlobalSection(ProjectConfigurationPlatforms) = postSolution
		{109A219F-C0B7-D23D-5B60-1BB468F8099F}.Debug|Any CPU.ActiveCfg = Debug|Any CPU
		{109A219F-C0B7-D23D-5B60-1BB468F8099F}.Debug|Any CPU.Build.0 = Debug|Any CPU
		{109A219F-C0B7-D23D-5B60-1BB468F8099F}.Release|Any CPU.ActiveCfg = Release|Any CPU
		{109A219F-C0B7-D23D-5B60-1BB468F8099F}.Release|Any CPU.Build.0 = Release|Any CPU
	EndGlobalSection
	GlobalSection(SolutionProperties) = preSolution
		HideSolutionNode = FALSE
	EndGlobalSection
	GlobalSection(MonoDevelopProperties) = preSolution
		StartupItem = Assembly-CSharp.csproj
	EndGlobalSection
EndGlobal
